
Microsoft Visual Studio Solution File, Format Version 12.00
# Visual Studio 15
VisualStudioVersion = 15.0.28307.645
MinimumVisualStudioVersion = 10.0.40219.1
Project("{FAE04EC0-301F-11D3-BF4B-00C04F79EFBC}") = "Lab6_Csharp", "Lab6_Csharp\Lab6_Csharp.csproj", "{4B6D9901-F3A2-4E72-B86E-11CBC46D2DD7}"
EndProject
Global
	GlobalSection(SolutionConfigurationPlatforms) = preSolution
		Debug|Any CPU = Debug|Any CPU
		Release|Any CPU = Release|Any CPU
	EndGlobalSection
	GlobalSection(ProjectConfigurationPlatforms) = postSolution
		{4B6D9901-F3A2-4E72-B86E-11CBC46D2DD7}.Debug|Any CPU.ActiveCfg = Debug|Any CPU
		{4B6D9901-F3A2-4E72-B86E-11CBC46D2DD7}.Debug|Any CPU.Build.0 = Debug|Any CPU
		{4B6D9901-F3A2-4E72-B86E-11CBC46D2DD7}.Release|Any CPU.ActiveCfg = Release|Any CPU
		{4B6D9901-F3A2-4E72-B86E-11CBC46D2DD7}.Release|Any CPU.Build.0 = Release|Any CPU
	EndGlobalSection
	GlobalSection(SolutionProperties) = preSolution
		HideSolutionNode = FALSE
	EndGlobalSection
	GlobalSection(ExtensibilityGlobals) = postSolution
		SolutionGuid = {52D34B23-F71E-42BA-9DFA-864117F2CD02}
	EndGlobalSection
EndGlobal
